
Microsoft Visual Studio Solution File, Format Version 12.00
# Visual Studio 15
VisualStudioVersion = 15.0.26430.12
MinimumVisualStudioVersion = 10.0.40219.1
Project("{FAE04EC0-301F-11D3-BF4B-00C04F79EFBC}") = "GitMerger", "GitMerger\GitMerger.csproj", "{988361A5-0159-4F5B-BCB3-F0D8B5BA6F4A}"
EndProject
Project("{FAE04EC0-301F-11D3-BF4B-00C04F79EFBC}") = "GitMerger.Core", "GitMerger.Core\GitMerger.Core.csproj", "{903A34D8-8F4D-4390-9613-6D2DAFDAD236}"
EndProject
Project("{FAE04EC0-301F-11D3-BF4B-00C04F79EFBC}") = "GitMerger.Core.Tests", "GitMerger.Core.Tests\GitMerger.Core.Tests.csproj", "{5D084DF6-BC04-4515-81BD-916DC31D6AFC}"
EndProject
Global
	GlobalSection(SolutionConfigurationPlatforms) = preSolution
		Debug|Any CPU = Debug|Any CPU
		Release|Any CPU = Release|Any CPU
	EndGlobalSection
	GlobalSection(ProjectConfigurationPlatforms) = postSolution
		{988361A5-0159-4F5B-BCB3-F0D8B5BA6F4A}.Debug|Any CPU.ActiveCfg = Debug|Any CPU
		{988361A5-0159-4F5B-BCB3-F0D8B5BA6F4A}.Debug|Any CPU.Build.0 = Debug|Any CPU
		{988361A5-0159-4F5B-BCB3-F0D8B5BA6F4A}.Release|Any CPU.ActiveCfg = Release|Any CPU
		{988361A5-0159-4F5B-BCB3-F0D8B5BA6F4A}.Release|Any CPU.Build.0 = Release|Any CPU
		{903A34D8-8F4D-4390-9613-6D2DAFDAD236}.Debug|Any CPU.ActiveCfg = Debug|Any CPU
		{903A34D8-8F4D-4390-9613-6D2DAFDAD236}.Debug|Any CPU.Build.0 = Debug|Any CPU
		{903A34D8-8F4D-4390-9613-6D2DAFDAD236}.Release|Any CPU.ActiveCfg = Release|Any CPU
		{903A34D8-8F4D-4390-9613-6D2DAFDAD236}.Release|Any CPU.Build.0 = Release|Any CPU
		{5D084DF6-BC04-4515-81BD-916DC31D6AFC}.Debug|Any CPU.ActiveCfg = Debug|Any CPU
		{5D084DF6-BC04-4515-81BD-916DC31D6AFC}.Debug|Any CPU.Build.0 = Debug|Any CPU
		{5D084DF6-BC04-4515-81BD-916DC31D6AFC}.Release|Any CPU.ActiveCfg = Release|Any CPU
		{5D084DF6-BC04-4515-81BD-916DC31D6AFC}.Release|Any CPU.Build.0 = Release|Any CPU
	EndGlobalSection
	GlobalSection(SolutionProperties) = preSolution
		HideSolutionNode = FALSE
	EndGlobalSection
EndGlobal
